// !$*UTF8*$!
{
	archiveVersion = 1;
	classes = {
	};
	objectVersion = 46;
	objects = {

/* Begin PBXBuildFile section */
		46439AB61CDD225000FFAC21 /* bg.png in Resources */ = {isa = PBXBuildFile; fileRef = 46439AB41CDD225000FFAC21 /* bg.png */; };
		46439AB71CDD225000FFAC21 /* bg@2x.png in Resources */ = {isa = PBXBuildFile; fileRef = 46439AB51CDD225000FFAC21 /* bg@2x.png */; };
		46439AD31CDD249900FFAC21 /* weather-broken.png in Resources */ = {isa = PBXBuildFile; fileRef = 46439ABB1CDD249900FFAC21 /* weather-broken.png */; };
		46439AD41CDD249900FFAC21 /* weather-broken@2x.png in Resources */ = {isa = PBXBuildFile; fileRef = 46439ABC1CDD249900FFAC21 /* weather-broken@2x.png */; };
		46439AD51CDD249900FFAC21 /* weather-clear.png in Resources */ = {isa = PBXBuildFile; fileRef = 46439ABD1CDD249900FFAC21 /* weather-clear.png */; };
		46439AD61CDD249900FFAC21 /* weather-clear@2x.png in Resources */ = {isa = PBXBuildFile; fileRef = 46439ABE1CDD249900FFAC21 /* weather-clear@2x.png */; };
		46439AD71CDD249900FFAC21 /* weather-few-night.png in Resources */ = {isa = PBXBuildFile; fileRef = 46439ABF1CDD249900FFAC21 /* weather-few-night.png */; };
		46439AD81CDD249900FFAC21 /* weather-few-night@2x.png in Resources */ = {isa = PBXBuildFile; fileRef = 46439AC01CDD249900FFAC21 /* weather-few-night@2x.png */; };
		46439AD91CDD249900FFAC21 /* weather-few.png in Resources */ = {isa = PBXBuildFile; fileRef = 46439AC11CDD249900FFAC21 /* weather-few.png */; };
		46439ADA1CDD249900FFAC21 /* weather-few@2x.png in Resources */ = {isa = PBXBuildFile; fileRef = 46439AC21CDD249900FFAC21 /* weather-few@2x.png */; };
		46439ADB1CDD249900FFAC21 /* weather-mist.png in Resources */ = {isa = PBXBuildFile; fileRef = 46439AC31CDD249900FFAC21 /* weather-mist.png */; };
		46439ADC1CDD249900FFAC21 /* weather-mist@2x.png in Resources */ = {isa = PBXBuildFile; fileRef = 46439AC41CDD249900FFAC21 /* weather-mist@2x.png */; };
		46439ADD1CDD249900FFAC21 /* weather-moon.png in Resources */ = {isa = PBXBuildFile; fileRef = 46439AC51CDD249900FFAC21 /* weather-moon.png */; };
		46439ADE1CDD249900FFAC21 /* weather-moon@2x.png in Resources */ = {isa = PBXBuildFile; fileRef = 46439AC61CDD249900FFAC21 /* weather-moon@2x.png */; };
		46439ADF1CDD249900FFAC21 /* weather-rain-night.png in Resources */ = {isa = PBXBuildFile; fileRef = 46439AC71CDD249900FFAC21 /* weather-rain-night.png */; };
		46439AE01CDD249900FFAC21 /* weather-rain-night@2x.png in Resources */ = {isa = PBXBuildFile; fileRef = 46439AC81CDD249900FFAC21 /* weather-rain-night@2x.png */; };
		46439AE11CDD249900FFAC21 /* weather-rain.png in Resources */ = {isa = PBXBuildFile; fileRef = 46439AC91CDD249900FFAC21 /* weather-rain.png */; };
		46439AE21CDD249900FFAC21 /* weather-rain@2x.png in Resources */ = {isa = PBXBuildFile; fileRef = 46439ACA1CDD249900FFAC21 /* weather-rain@2x.png */; };
		46439AE31CDD249900FFAC21 /* weather-scattered.png in Resources */ = {isa = PBXBuildFile; fileRef = 46439ACB1CDD249900FFAC21 /* weather-scattered.png */; };
		46439AE41CDD249900FFAC21 /* weather-scattered@2x.png in Resources */ = {isa = PBXBuildFile; fileRef = 46439ACC1CDD249900FFAC21 /* weather-scattered@2x.png */; };
		46439AE51CDD249900FFAC21 /* weather-shower.png in Resources */ = {isa = PBXBuildFile; fileRef = 46439ACD1CDD249900FFAC21 /* weather-shower.png */; };
		46439AE61CDD249900FFAC21 /* weather-shower@2x.png in Resources */ = {isa = PBXBuildFile; fileRef = 46439ACE1CDD249900FFAC21 /* weather-shower@2x.png */; };
		46439AE71CDD249900FFAC21 /* weather-snow.png in Resources */ = {isa = PBXBuildFile; fileRef = 46439ACF1CDD249900FFAC21 /* weather-snow.png */; };
		46439AE81CDD249900FFAC21 /* weather-snow@2x.png in Resources */ = {isa = PBXBuildFile; fileRef = 46439AD01CDD249900FFAC21 /* weather-snow@2x.png */; };
		46439AE91CDD249900FFAC21 /* weather-tstorm.png in Resources */ = {isa = PBXBuildFile; fileRef = 46439AD11CDD249900FFAC21 /* weather-tstorm.png */; };
		46439AEA1CDD249900FFAC21 /* weather-tstorm@2x.png in Resources */ = {isa = PBXBuildFile; fileRef = 46439AD21CDD249900FFAC21 /* weather-tstorm@2x.png */; };
		46439AEF1CDD28DA00FFAC21 /* Main.storyboard in Resources */ = {isa = PBXBuildFile; fileRef = 46439AED1CDD28DA00FFAC21 /* Main.storyboard */; };
		46439AF21CDD292A00FFAC21 /* LaunchScreen.storyboard in Resources */ = {isa = PBXBuildFile; fileRef = 46439AF01CDD292A00FFAC21 /* LaunchScreen.storyboard */; };
		46439AF51CDD2B0A00FFAC21 /* CurrentWeatherController.m in Sources */ = {isa = PBXBuildFile; fileRef = 46439AF41CDD2B0A00FFAC21 /* CurrentWeatherController.m */; };
		46439AFB1CDD2C9F00FFAC21 /* FiveDayForecastController.m in Sources */ = {isa = PBXBuildFile; fileRef = 46439AFA1CDD2C9F00FFAC21 /* FiveDayForecastController.m */; };
		47EBA6F8FDDACA2BCD04AFE9 /* libPods.a in Frameworks */ = {isa = PBXBuildFile; fileRef = 705020ACD549778DEBA3652A /* libPods.a */; };
		70B57EA21CDCCE0E00D0C784 /* main.m in Sources */ = {isa = PBXBuildFile; fileRef = 70B57EA11CDCCE0E00D0C784 /* main.m */; };
		70B57EA51CDCCE0E00D0C784 /* AppDelegate.m in Sources */ = {isa = PBXBuildFile; fileRef = 70B57EA41CDCCE0E00D0C784 /* AppDelegate.m */; };
		70B57EA81CDCCE0E00D0C784 /* ViewController.m in Sources */ = {isa = PBXBuildFile; fileRef = 70B57EA71CDCCE0E00D0C784 /* ViewController.m */; };
		70B57EAD1CDCCE0E00D0C784 /* Assets.xcassets in Resources */ = {isa = PBXBuildFile; fileRef = 70B57EAC1CDCCE0E00D0C784 /* Assets.xcassets */; };
		70B57EBB1CDCCE0E00D0C784 /* weatherTests.m in Sources */ = {isa = PBXBuildFile; fileRef = 70B57EBA1CDCCE0E00D0C784 /* weatherTests.m */; };
		70B57ECA1CDCCEBF00D0C784 /* ForecastController.m in Sources */ = {isa = PBXBuildFile; fileRef = 70B57EC81CDCCEBF00D0C784 /* ForecastController.m */; };
		70D55D791CDCEE8E00D3DA5A /* MainReport.m in Sources */ = {isa = PBXBuildFile; fileRef = 70D55D781CDCEE8E00D3DA5A /* MainReport.m */; };
		70D55D7C1CDCEFDA00D3DA5A /* ForecastReport.m in Sources */ = {isa = PBXBuildFile; fileRef = 70D55D7B1CDCEFDA00D3DA5A /* ForecastReport.m */; };
		70D55D801CDD020600D3DA5A /* Weather.m in Sources */ = {isa = PBXBuildFile; fileRef = 70D55D7F1CDD020600D3DA5A /* Weather.m */; };
/* End PBXBuildFile section */

/* Begin PBXContainerItemProxy section */
		70B57EB71CDCCE0E00D0C784 /* PBXContainerItemProxy */ = {
			isa = PBXContainerItemProxy;
			containerPortal = 70B57E951CDCCE0E00D0C784 /* Project object */;
			proxyType = 1;
			remoteGlobalIDString = 70B57E9C1CDCCE0E00D0C784;
			remoteInfo = weather;
		};
/* End PBXContainerItemProxy section */

/* Begin PBXFileReference section */
		46439AB41CDD225000FFAC21 /* bg.png */ = {isa = PBXFileReference; lastKnownFileType = image.png; name = bg.png; path = assets/bg.png; sourceTree = "<group>"; };
		46439AB51CDD225000FFAC21 /* bg@2x.png */ = {isa = PBXFileReference; lastKnownFileType = image.png; name = "bg@2x.png"; path = "assets/bg@2x.png"; sourceTree = "<group>"; };
		46439ABB1CDD249900FFAC21 /* weather-broken.png */ = {isa = PBXFileReference; lastKnownFileType = image.png; name = "weather-broken.png"; path = "assets/Weather Icons/weather-broken.png"; sourceTree = "<group>"; };
		46439ABC1CDD249900FFAC21 /* weather-broken@2x.png */ = {isa = PBXFileReference; lastKnownFileType = image.png; name = "weather-broken@2x.png"; path = "assets/Weather Icons/weather-broken@2x.png"; sourceTree = "<group>"; };
		46439ABD1CDD249900FFAC21 /* weather-clear.png */ = {isa = PBXFileReference; lastKnownFileType = image.png; name = "weather-clear.png"; path = "assets/Weather Icons/weather-clear.png"; sourceTree = "<group>"; };
		46439ABE1CDD249900FFAC21 /* weather-clear@2x.png */ = {isa = PBXFileReference; lastKnownFileType = image.png; name = "weather-clear@2x.png"; path = "assets/Weather Icons/weather-clear@2x.png"; sourceTree = "<group>"; };
		46439ABF1CDD249900FFAC21 /* weather-few-night.png */ = {isa = PBXFileReference; lastKnownFileType = image.png; name = "weather-few-night.png"; path = "assets/Weather Icons/weather-few-night.png"; sourceTree = "<group>"; };
		46439AC01CDD249900FFAC21 /* weather-few-night@2x.png */ = {isa = PBXFileReference; lastKnownFileType = image.png; name = "weather-few-night@2x.png"; path = "assets/Weather Icons/weather-few-night@2x.png"; sourceTree = "<group>"; };
		46439AC11CDD249900FFAC21 /* weather-few.png */ = {isa = PBXFileReference; lastKnownFileType = image.png; name = "weather-few.png"; path = "assets/Weather Icons/weather-few.png"; sourceTree = "<group>"; };
		46439AC21CDD249900FFAC21 /* weather-few@2x.png */ = {isa = PBXFileReference; lastKnownFileType = image.png; name = "weather-few@2x.png"; path = "assets/Weather Icons/weather-few@2x.png"; sourceTree = "<group>"; };
		46439AC31CDD249900FFAC21 /* weather-mist.png */ = {isa = PBXFileReference; lastKnownFileType = image.png; name = "weather-mist.png"; path = "assets/Weather Icons/weather-mist.png"; sourceTree = "<group>"; };
		46439AC41CDD249900FFAC21 /* weather-mist@2x.png */ = {isa = PBXFileReference; lastKnownFileType = image.png; name = "weather-mist@2x.png"; path = "assets/Weather Icons/weather-mist@2x.png"; sourceTree = "<group>"; };
		46439AC51CDD249900FFAC21 /* weather-moon.png */ = {isa = PBXFileReference; lastKnownFileType = image.png; name = "weather-moon.png"; path = "assets/Weather Icons/weather-moon.png"; sourceTree = "<group>"; };
		46439AC61CDD249900FFAC21 /* weather-moon@2x.png */ = {isa = PBXFileReference; lastKnownFileType = image.png; name = "weather-moon@2x.png"; path = "assets/Weather Icons/weather-moon@2x.png"; sourceTree = "<group>"; };
		46439AC71CDD249900FFAC21 /* weather-rain-night.png */ = {isa = PBXFileReference; lastKnownFileType = image.png; name = "weather-rain-night.png"; path = "assets/Weather Icons/weather-rain-night.png"; sourceTree = "<group>"; };
		46439AC81CDD249900FFAC21 /* weather-rain-night@2x.png */ = {isa = PBXFileReference; lastKnownFileType = image.png; name = "weather-rain-night@2x.png"; path = "assets/Weather Icons/weather-rain-night@2x.png"; sourceTree = "<group>"; };
		46439AC91CDD249900FFAC21 /* weather-rain.png */ = {isa = PBXFileReference; lastKnownFileType = image.png; name = "weather-rain.png"; path = "assets/Weather Icons/weather-rain.png"; sourceTree = "<group>"; };
		46439ACA1CDD249900FFAC21 /* weather-rain@2x.png */ = {isa = PBXFileReference; lastKnownFileType = image.png; name = "weather-rain@2x.png"; path = "assets/Weather Icons/weather-rain@2x.png"; sourceTree = "<group>"; };
		46439ACB1CDD249900FFAC21 /* weather-scattered.png */ = {isa = PBXFileReference; lastKnownFileType = image.png; name = "weather-scattered.png"; path = "assets/Weather Icons/weather-scattered.png"; sourceTree = "<group>"; };
		46439ACC1CDD249900FFAC21 /* weather-scattered@2x.png */ = {isa = PBXFileReference; lastKnownFileType = image.png; name = "weather-scattered@2x.png"; path = "assets/Weather Icons/weather-scattered@2x.png"; sourceTree = "<group>"; };
		46439ACD1CDD249900FFAC21 /* weather-shower.png */ = {isa = PBXFileReference; lastKnownFileType = image.png; name = "weather-shower.png"; path = "assets/Weather Icons/weather-shower.png"; sourceTree = "<group>"; };
		46439ACE1CDD249900FFAC21 /* weather-shower@2x.png */ = {isa = PBXFileReference; lastKnownFileType = image.png; name = "weather-shower@2x.png"; path = "assets/Weather Icons/weather-shower@2x.png"; sourceTree = "<group>"; };
		46439ACF1CDD249900FFAC21 /* weather-snow.png */ = {isa = PBXFileReference; lastKnownFileType = image.png; name = "weather-snow.png"; path = "assets/Weather Icons/weather-snow.png"; sourceTree = "<group>"; };
		46439AD01CDD249900FFAC21 /* weather-snow@2x.png */ = {isa = PBXFileReference; lastKnownFileType = image.png; name = "weather-snow@2x.png"; path = "assets/Weather Icons/weather-snow@2x.png"; sourceTree = "<group>"; };
		46439AD11CDD249900FFAC21 /* weather-tstorm.png */ = {isa = PBXFileReference; lastKnownFileType = image.png; name = "weather-tstorm.png"; path = "assets/Weather Icons/weather-tstorm.png"; sourceTree = "<group>"; };
		46439AD21CDD249900FFAC21 /* weather-tstorm@2x.png */ = {isa = PBXFileReference; lastKnownFileType = image.png; name = "weather-tstorm@2x.png"; path = "assets/Weather Icons/weather-tstorm@2x.png"; sourceTree = "<group>"; };
		46439AEE1CDD28DA00FFAC21 /* Base */ = {isa = PBXFileReference; lastKnownFileType = file.storyboard; name = Base; path = Base.lproj/Main.storyboard; sourceTree = "<group>"; };
		46439AF11CDD292A00FFAC21 /* Base */ = {isa = PBXFileReference; lastKnownFileType = file.storyboard; name = Base; path = Base.lproj/LaunchScreen.storyboard; sourceTree = "<group>"; };
		46439AF31CDD2B0A00FFAC21 /* CurrentWeatherController.h */ = {isa = PBXFileReference; fileEncoding = 4; lastKnownFileType = sourcecode.c.h; path = CurrentWeatherController.h; sourceTree = "<group>"; };
		46439AF41CDD2B0A00FFAC21 /* CurrentWeatherController.m */ = {isa = PBXFileReference; fileEncoding = 4; lastKnownFileType = sourcecode.c.objc; path = CurrentWeatherController.m; sourceTree = "<group>"; };
		46439AF91CDD2C9F00FFAC21 /* FiveDayForecastController.h */ = {isa = PBXFileReference; fileEncoding = 4; lastKnownFileType = sourcecode.c.h; path = FiveDayForecastController.h; sourceTree = "<group>"; };
		46439AFA1CDD2C9F00FFAC21 /* FiveDayForecastController.m */ = {isa = PBXFileReference; fileEncoding = 4; lastKnownFileType = sourcecode.c.objc; path = FiveDayForecastController.m; sourceTree = "<group>"; };
		705020ACD549778DEBA3652A /* libPods.a */ = {isa = PBXFileReference; explicitFileType = archive.ar; includeInIndex = 0; path = libPods.a; sourceTree = BUILT_PRODUCTS_DIR; };
		70B57E9D1CDCCE0E00D0C784 /* weather.app */ = {isa = PBXFileReference; explicitFileType = wrapper.application; includeInIndex = 0; path = weather.app; sourceTree = BUILT_PRODUCTS_DIR; };
		70B57EA11CDCCE0E00D0C784 /* main.m */ = {isa = PBXFileReference; lastKnownFileType = sourcecode.c.objc; path = main.m; sourceTree = "<group>"; };
		70B57EA31CDCCE0E00D0C784 /* AppDelegate.h */ = {isa = PBXFileReference; lastKnownFileType = sourcecode.c.h; path = AppDelegate.h; sourceTree = "<group>"; };
		70B57EA41CDCCE0E00D0C784 /* AppDelegate.m */ = {isa = PBXFileReference; lastKnownFileType = sourcecode.c.objc; path = AppDelegate.m; sourceTree = "<group>"; };
		70B57EA61CDCCE0E00D0C784 /* ViewController.h */ = {isa = PBXFileReference; lastKnownFileType = sourcecode.c.h; path = ViewController.h; sourceTree = "<group>"; };
		70B57EA71CDCCE0E00D0C784 /* ViewController.m */ = {isa = PBXFileReference; lastKnownFileType = sourcecode.c.objc; path = ViewController.m; sourceTree = "<group>"; };
		70B57EAC1CDCCE0E00D0C784 /* Assets.xcassets */ = {isa = PBXFileReference; lastKnownFileType = folder.assetcatalog; path = Assets.xcassets; sourceTree = "<group>"; };
		70B57EB11CDCCE0E00D0C784 /* Info.plist */ = {isa = PBXFileReference; lastKnownFileType = text.plist.xml; path = Info.plist; sourceTree = "<group>"; };
		70B57EB61CDCCE0E00D0C784 /* weatherTests.xctest */ = {isa = PBXFileReference; explicitFileType = wrapper.cfbundle; includeInIndex = 0; path = weatherTests.xctest; sourceTree = BUILT_PRODUCTS_DIR; };
		70B57EBA1CDCCE0E00D0C784 /* weatherTests.m */ = {isa = PBXFileReference; lastKnownFileType = sourcecode.c.objc; path = weatherTests.m; sourceTree = "<group>"; };
		70B57EBC1CDCCE0E00D0C784 /* Info.plist */ = {isa = PBXFileReference; lastKnownFileType = text.plist.xml; path = Info.plist; sourceTree = "<group>"; };
		70B57EC71CDCCEBF00D0C784 /* ForecastController.h */ = {isa = PBXFileReference; fileEncoding = 4; lastKnownFileType = sourcecode.c.h; path = ForecastController.h; sourceTree = "<group>"; };
		70B57EC81CDCCEBF00D0C784 /* ForecastController.m */ = {isa = PBXFileReference; fileEncoding = 4; lastKnownFileType = sourcecode.c.objc; path = ForecastController.m; sourceTree = "<group>"; };
		70D55D771CDCEE8E00D3DA5A /* MainReport.h */ = {isa = PBXFileReference; fileEncoding = 4; lastKnownFileType = sourcecode.c.h; path = MainReport.h; sourceTree = "<group>"; };
		70D55D781CDCEE8E00D3DA5A /* MainReport.m */ = {isa = PBXFileReference; fileEncoding = 4; lastKnownFileType = sourcecode.c.objc; path = MainReport.m; sourceTree = "<group>"; };
		70D55D7A1CDCEFDA00D3DA5A /* ForecastReport.h */ = {isa = PBXFileReference; fileEncoding = 4; lastKnownFileType = sourcecode.c.h; path = ForecastReport.h; sourceTree = "<group>"; };
		70D55D7B1CDCEFDA00D3DA5A /* ForecastReport.m */ = {isa = PBXFileReference; fileEncoding = 4; lastKnownFileType = sourcecode.c.objc; path = ForecastReport.m; sourceTree = "<group>"; };
		70D55D7E1CDD020600D3DA5A /* Weather.h */ = {isa = PBXFileReference; fileEncoding = 4; lastKnownFileType = sourcecode.c.h; path = Weather.h; sourceTree = "<group>"; };
		70D55D7F1CDD020600D3DA5A /* Weather.m */ = {isa = PBXFileReference; fileEncoding = 4; lastKnownFileType = sourcecode.c.objc; path = Weather.m; sourceTree = "<group>"; };
		D0C488A3961A9EEBF3CAF580 /* Pods.debug.xcconfig */ = {isa = PBXFileReference; includeInIndex = 1; lastKnownFileType = text.xcconfig; name = Pods.debug.xcconfig; path = "Pods/Target Support Files/Pods/Pods.debug.xcconfig"; sourceTree = "<group>"; };
		FFEBEC962E628733B57FC8D9 /* Pods.release.xcconfig */ = {isa = PBXFileReference; includeInIndex = 1; lastKnownFileType = text.xcconfig; name = Pods.release.xcconfig; path = "Pods/Target Support Files/Pods/Pods.release.xcconfig"; sourceTree = "<group>"; };
/* End PBXFileReference section */

/* Begin PBXFrameworksBuildPhase section */
		70B57E9A1CDCCE0E00D0C784 /* Frameworks */ = {
			isa = PBXFrameworksBuildPhase;
			buildActionMask = 2147483647;
			files = (
				47EBA6F8FDDACA2BCD04AFE9 /* libPods.a in Frameworks */,
			);
			runOnlyForDeploymentPostprocessing = 0;
		};
		70B57EB31CDCCE0E00D0C784 /* Frameworks */ = {
			isa = PBXFrameworksBuildPhase;
			buildActionMask = 2147483647;
			files = (
			);
			runOnlyForDeploymentPostprocessing = 0;
		};
/* End PBXFrameworksBuildPhase section */

/* Begin PBXGroup section */
		46439AB11CDD212D00FFAC21 /* Assets */ = {
			isa = PBXGroup;
			children = (
				46439ABA1CDD248700FFAC21 /* WeatherIcons */,
				46439AB41CDD225000FFAC21 /* bg.png */,
				46439AB51CDD225000FFAC21 /* bg@2x.png */,
			);
			name = Assets;
			sourceTree = "<group>";
		};
		46439ABA1CDD248700FFAC21 /* WeatherIcons */ = {
			isa = PBXGroup;
			children = (
				46439ABB1CDD249900FFAC21 /* weather-broken.png */,
				46439ABC1CDD249900FFAC21 /* weather-broken@2x.png */,
				46439ABD1CDD249900FFAC21 /* weather-clear.png */,
				46439ABE1CDD249900FFAC21 /* weather-clear@2x.png */,
				46439ABF1CDD249900FFAC21 /* weather-few-night.png */,
				46439AC01CDD249900FFAC21 /* weather-few-night@2x.png */,
				46439AC11CDD249900FFAC21 /* weather-few.png */,
				46439AC21CDD249900FFAC21 /* weather-few@2x.png */,
				46439AC31CDD249900FFAC21 /* weather-mist.png */,
				46439AC41CDD249900FFAC21 /* weather-mist@2x.png */,
				46439AC51CDD249900FFAC21 /* weather-moon.png */,
				46439AC61CDD249900FFAC21 /* weather-moon@2x.png */,
				46439AC71CDD249900FFAC21 /* weather-rain-night.png */,
				46439AC81CDD249900FFAC21 /* weather-rain-night@2x.png */,
				46439AC91CDD249900FFAC21 /* weather-rain.png */,
				46439ACA1CDD249900FFAC21 /* weather-rain@2x.png */,
				46439ACB1CDD249900FFAC21 /* weather-scattered.png */,
				46439ACC1CDD249900FFAC21 /* weather-scattered@2x.png */,
				46439ACD1CDD249900FFAC21 /* weather-shower.png */,
				46439ACE1CDD249900FFAC21 /* weather-shower@2x.png */,
				46439ACF1CDD249900FFAC21 /* weather-snow.png */,
				46439AD01CDD249900FFAC21 /* weather-snow@2x.png */,
				46439AD11CDD249900FFAC21 /* weather-tstorm.png */,
				46439AD21CDD249900FFAC21 /* weather-tstorm@2x.png */,
			);
			name = WeatherIcons;
			sourceTree = "<group>";
		};
		70B57E941CDCCE0E00D0C784 = {
			isa = PBXGroup;
			children = (
				70B57E9F1CDCCE0E00D0C784 /* weather */,
				70B57EB91CDCCE0E00D0C784 /* weatherTests */,
				70B57E9E1CDCCE0E00D0C784 /* Products */,
				8A7BC1A9786AA75D750C6BD5 /* Pods */,
				FAEE0471598F7DFBD0F78C57 /* Frameworks */,
			);
			sourceTree = "<group>";
		};
		70B57E9E1CDCCE0E00D0C784 /* Products */ = {
			isa = PBXGroup;
			children = (
				70B57E9D1CDCCE0E00D0C784 /* weather.app */,
				70B57EB61CDCCE0E00D0C784 /* weatherTests.xctest */,
			);
			name = Products;
			sourceTree = "<group>";
		};
		70B57E9F1CDCCE0E00D0C784 /* weather */ = {
			isa = PBXGroup;
			children = (
				46439AB11CDD212D00FFAC21 /* Assets */,
				70D55D761CDCED3300D3DA5A /* Model */,
				70D55D7D1CDCFA1400D3DA5A /* controller */,
				70B57EA31CDCCE0E00D0C784 /* AppDelegate.h */,
				70B57EA41CDCCE0E00D0C784 /* AppDelegate.m */,
				70B57EA61CDCCE0E00D0C784 /* ViewController.h */,
				70B57EA71CDCCE0E00D0C784 /* ViewController.m */,
				70B57EAC1CDCCE0E00D0C784 /* Assets.xcassets */,
				70B57EB11CDCCE0E00D0C784 /* Info.plist */,
				46439AF01CDD292A00FFAC21 /* LaunchScreen.storyboard */,
				46439AED1CDD28DA00FFAC21 /* Main.storyboard */,
				70B57EA01CDCCE0E00D0C784 /* Supporting Files */,
			);
			path = weather;
			sourceTree = "<group>";
		};
		70B57EA01CDCCE0E00D0C784 /* Supporting Files */ = {
			isa = PBXGroup;
			children = (
				70B57EA11CDCCE0E00D0C784 /* main.m */,
			);
			name = "Supporting Files";
			sourceTree = "<group>";
		};
		70B57EB91CDCCE0E00D0C784 /* weatherTests */ = {
			isa = PBXGroup;
			children = (
				70B57EBA1CDCCE0E00D0C784 /* weatherTests.m */,
				70B57EBC1CDCCE0E00D0C784 /* Info.plist */,
			);
			path = weatherTests;
			sourceTree = "<group>";
		};
		70D55D761CDCED3300D3DA5A /* Model */ = {
			isa = PBXGroup;
			children = (
				70D55D7A1CDCEFDA00D3DA5A /* ForecastReport.h */,
				70D55D7B1CDCEFDA00D3DA5A /* ForecastReport.m */,
				70D55D771CDCEE8E00D3DA5A /* MainReport.h */,
				70D55D781CDCEE8E00D3DA5A /* MainReport.m */,
				70D55D7E1CDD020600D3DA5A /* Weather.h */,
				70D55D7F1CDD020600D3DA5A /* Weather.m */,
			);
			name = Model;
			sourceTree = "<group>";
		};
		70D55D7D1CDCFA1400D3DA5A /* controller */ = {
			isa = PBXGroup;
			children = (
				70B57EC71CDCCEBF00D0C784 /* ForecastController.h */,
				70B57EC81CDCCEBF00D0C784 /* ForecastController.m */,
				46439AF31CDD2B0A00FFAC21 /* CurrentWeatherController.h */,
				46439AF41CDD2B0A00FFAC21 /* CurrentWeatherController.m */,
				46439AF91CDD2C9F00FFAC21 /* FiveDayForecastController.h */,
				46439AFA1CDD2C9F00FFAC21 /* FiveDayForecastController.m */,
			);
			name = controller;
			sourceTree = "<group>";
		};
		8A7BC1A9786AA75D750C6BD5 /* Pods */ = {
			isa = PBXGroup;
			children = (
				D0C488A3961A9EEBF3CAF580 /* Pods.debug.xcconfig */,
				FFEBEC962E628733B57FC8D9 /* Pods.release.xcconfig */,
			);
			name = Pods;
			sourceTree = "<group>";
		};
		FAEE0471598F7DFBD0F78C57 /* Frameworks */ = {
			isa = PBXGroup;
			children = (
				705020ACD549778DEBA3652A /* libPods.a */,
			);
			name = Frameworks;
			sourceTree = "<group>";
		};
/* End PBXGroup section */

/* Begin PBXNativeTarget section */
		70B57E9C1CDCCE0E00D0C784 /* weather */ = {
			isa = PBXNativeTarget;
			buildConfigurationList = 70B57EBF1CDCCE0E00D0C784 /* Build configuration list for PBXNativeTarget "weather" */;
			buildPhases = (
				597292CAFA02ED5AD309AABC /* Check Pods Manifest.lock */,
				70B57E991CDCCE0E00D0C784 /* Sources */,
				70B57E9A1CDCCE0E00D0C784 /* Frameworks */,
				70B57E9B1CDCCE0E00D0C784 /* Resources */,
				1174DBC8824DACC9DB18AE01 /* Copy Pods Resources */,
			);
			buildRules = (
			);
			dependencies = (
			);
			name = weather;
			productName = weather;
			productReference = 70B57E9D1CDCCE0E00D0C784 /* weather.app */;
			productType = "com.apple.product-type.application";
		};
		70B57EB51CDCCE0E00D0C784 /* weatherTests */ = {
			isa = PBXNativeTarget;
			buildConfigurationList = 70B57EC21CDCCE0E00D0C784 /* Build configuration list for PBXNativeTarget "weatherTests" */;
			buildPhases = (
				70B57EB21CDCCE0E00D0C784 /* Sources */,
				70B57EB31CDCCE0E00D0C784 /* Frameworks */,
				70B57EB41CDCCE0E00D0C784 /* Resources */,
			);
			buildRules = (
			);
			dependencies = (
				70B57EB81CDCCE0E00D0C784 /* PBXTargetDependency */,
			);
			name = weatherTests;
			productName = weatherTests;
			productReference = 70B57EB61CDCCE0E00D0C784 /* weatherTests.xctest */;
			productType = "com.apple.product-type.bundle.unit-test";
		};
/* End PBXNativeTarget section */

/* Begin PBXProject section */
		70B57E951CDCCE0E00D0C784 /* Project object */ = {
			isa = PBXProject;
			attributes = {
				LastUpgradeCheck = 0720;
				ORGANIZATIONNAME = "Mariano Latorre";
				TargetAttributes = {
					70B57E9C1CDCCE0E00D0C784 = {
						CreatedOnToolsVersion = 7.2.1;
						DevelopmentTeam = NYC4FDV8PV;
					};
					70B57EB51CDCCE0E00D0C784 = {
						CreatedOnToolsVersion = 7.2.1;
						TestTargetID = 70B57E9C1CDCCE0E00D0C784;
					};
				};
			};
			buildConfigurationList = 70B57E981CDCCE0E00D0C784 /* Build configuration list for PBXProject "weather" */;
			compatibilityVersion = "Xcode 3.2";
			developmentRegion = English;
			hasScannedForEncodings = 0;
			knownRegions = (
				en,
				Base,
			);
			mainGroup = 70B57E941CDCCE0E00D0C784;
			productRefGroup = 70B57E9E1CDCCE0E00D0C784 /* Products */;
			projectDirPath = "";
			projectRoot = "";
			targets = (
				70B57E9C1CDCCE0E00D0C784 /* weather */,
				70B57EB51CDCCE0E00D0C784 /* weatherTests */,
			);
		};
/* End PBXProject section */

/* Begin PBXResourcesBuildPhase section */
		70B57E9B1CDCCE0E00D0C784 /* Resources */ = {
			isa = PBXResourcesBuildPhase;
			buildActionMask = 2147483647;
			files = (
				46439AEA1CDD249900FFAC21 /* weather-tstorm@2x.png in Resources */,
				46439AD31CDD249900FFAC21 /* weather-broken.png in Resources */,
				46439AD71CDD249900FFAC21 /* weather-few-night.png in Resources */,
				46439AF21CDD292A00FFAC21 /* LaunchScreen.storyboard in Resources */,
				46439AD51CDD249900FFAC21 /* weather-clear.png in Resources */,
				46439AE41CDD249900FFAC21 /* weather-scattered@2x.png in Resources */,
				46439AE21CDD249900FFAC21 /* weather-rain@2x.png in Resources */,
				46439AD81CDD249900FFAC21 /* weather-few-night@2x.png in Resources */,
				46439ADB1CDD249900FFAC21 /* weather-mist.png in Resources */,
				46439AE71CDD249900FFAC21 /* weather-snow.png in Resources */,
				46439AE11CDD249900FFAC21 /* weather-rain.png in Resources */,
				46439ADF1CDD249900FFAC21 /* weather-rain-night.png in Resources */,
				46439ADE1CDD249900FFAC21 /* weather-moon@2x.png in Resources */,
				46439ADC1CDD249900FFAC21 /* weather-mist@2x.png in Resources */,
				46439AE91CDD249900FFAC21 /* weather-tstorm.png in Resources */,
				46439AE51CDD249900FFAC21 /* weather-shower.png in Resources */,
				46439ADD1CDD249900FFAC21 /* weather-moon.png in Resources */,
				46439AE01CDD249900FFAC21 /* weather-rain-night@2x.png in Resources */,
				46439AE81CDD249900FFAC21 /* weather-snow@2x.png in Resources */,
				46439AE61CDD249900FFAC21 /* weather-shower@2x.png in Resources */,
				46439AD91CDD249900FFAC21 /* weather-few.png in Resources */,
				46439ADA1CDD249900FFAC21 /* weather-few@2x.png in Resources */,
				46439AD41CDD249900FFAC21 /* weather-broken@2x.png in Resources */,
				70B57EAD1CDCCE0E00D0C784 /* Assets.xcassets in Resources */,
				46439AEF1CDD28DA00FFAC21 /* Main.storyboard in Resources */,
				46439AE31CDD249900FFAC21 /* weather-scattered.png in Resources */,
				46439AD61CDD249900FFAC21 /* weather-clear@2x.png in Resources */,
				46439AB61CDD225000FFAC21 /* bg.png in Resources */,
				46439AB71CDD225000FFAC21 /* bg@2x.png in Resources */,
			);
			runOnlyForDeploymentPostprocessing = 0;
		};
		70B57EB41CDCCE0E00D0C784 /* Resources */ = {
			isa = PBXResourcesBuildPhase;
			buildActionMask = 2147483647;
			files = (
			);
			runOnlyForDeploymentPostprocessing = 0;
		};
/* End PBXResourcesBuildPhase section */

/* Begin PBXShellScriptBuildPhase section */
		1174DBC8824DACC9DB18AE01 /* Copy Pods Resources */ = {
			isa = PBXShellScriptBuildPhase;
			buildActionMask = 2147483647;
			files = (
			);
			inputPaths = (
			);
			name = "Copy Pods Resources";
			outputPaths = (
			);
			runOnlyForDeploymentPostprocessing = 0;
			shellPath = /bin/sh;
			shellScript = "\"${SRCROOT}/Pods/Target Support Files/Pods/Pods-resources.sh\"\n";
			showEnvVarsInLog = 0;
		};
		597292CAFA02ED5AD309AABC /* Check Pods Manifest.lock */ = {
			isa = PBXShellScriptBuildPhase;
			buildActionMask = 2147483647;
			files = (
			);
			inputPaths = (
			);
			name = "Check Pods Manifest.lock";
			outputPaths = (
			);
			runOnlyForDeploymentPostprocessing = 0;
			shellPath = /bin/sh;
			shellScript = "diff \"${PODS_ROOT}/../Podfile.lock\" \"${PODS_ROOT}/Manifest.lock\" > /dev/null\nif [[ $? != 0 ]] ; then\n    cat << EOM\nerror: The sandbox is not in sync with the Podfile.lock. Run 'pod install' or update your CocoaPods installation.\nEOM\n    exit 1\nfi\n";
			showEnvVarsInLog = 0;
		};
/* End PBXShellScriptBuildPhase section */

/* Begin PBXSourcesBuildPhase section */
		70B57E991CDCCE0E00D0C784 /* Sources */ = {
			isa = PBXSourcesBuildPhase;
			buildActionMask = 2147483647;
			files = (
				70D55D791CDCEE8E00D3DA5A /* MainReport.m in Sources */,
				70B57EA81CDCCE0E00D0C784 /* ViewController.m in Sources */,
				46439AFB1CDD2C9F00FFAC21 /* FiveDayForecastController.m in Sources */,
				70D55D801CDD020600D3DA5A /* Weather.m in Sources */,
				70D55D7C1CDCEFDA00D3DA5A /* ForecastReport.m in Sources */,
				46439AF51CDD2B0A00FFAC21 /* CurrentWeatherController.m in Sources */,
				70B57EA51CDCCE0E00D0C784 /* AppDelegate.m in Sources */,
				70B57ECA1CDCCEBF00D0C784 /* ForecastController.m in Sources */,
				70B57EA21CDCCE0E00D0C784 /* main.m in Sources */,
			);
			runOnlyForDeploymentPostprocessing = 0;
		};
		70B57EB21CDCCE0E00D0C784 /* Sources */ = {
			isa = PBXSourcesBuildPhase;
			buildActionMask = 2147483647;
			files = (
				70B57EBB1CDCCE0E00D0C784 /* weatherTests.m in Sources */,
			);
			runOnlyForDeploymentPostprocessing = 0;
		};
/* End PBXSourcesBuildPhase section */

/* Begin PBXTargetDependency section */
		70B57EB81CDCCE0E00D0C784 /* PBXTargetDependency */ = {
			isa = PBXTargetDependency;
			target = 70B57E9C1CDCCE0E00D0C784 /* weather */;
			targetProxy = 70B57EB71CDCCE0E00D0C784 /* PBXContainerItemProxy */;
		};
/* End PBXTargetDependency section */

/* Begin PBXVariantGroup section */
		46439AED1CDD28DA00FFAC21 /* Main.storyboard */ = {
			isa = PBXVariantGroup;
			children = (
				46439AEE1CDD28DA00FFAC21 /* Base */,
			);
			name = Main.storyboard;
			sourceTree = "<group>";
		};
		46439AF01CDD292A00FFAC21 /* LaunchScreen.storyboard */ = {
			isa = PBXVariantGroup;
			children = (
				46439AF11CDD292A00FFAC21 /* Base */,
			);
			name = LaunchScreen.storyboard;
			sourceTree = "<group>";
		};
/* End PBXVariantGroup section */

/* Begin XCBuildConfiguration section */
		70B57EBD1CDCCE0E00D0C784 /* Debug */ = {
			isa = XCBuildConfiguration;
			buildSettings = {
				ALWAYS_SEARCH_USER_PATHS = NO;
				CLANG_CXX_LANGUAGE_STANDARD = "gnu++0x";
				CLANG_CXX_LIBRARY = "libc++";
				CLANG_ENABLE_MODULES = YES;
				CLANG_ENABLE_OBJC_ARC = YES;
				CLANG_WARN_BOOL_CONVERSION = YES;
				CLANG_WARN_CONSTANT_CONVERSION = YES;
				CLANG_WARN_DIRECT_OBJC_ISA_USAGE = YES_ERROR;
				CLANG_WARN_EMPTY_BODY = YES;
				CLANG_WARN_ENUM_CONVERSION = YES;
				CLANG_WARN_INT_CONVERSION = YES;
				CLANG_WARN_OBJC_ROOT_CLASS = YES_ERROR;
				CLANG_WARN_UNREACHABLE_CODE = YES;
				CLANG_WARN__DUPLICATE_METHOD_MATCH = YES;
				"CODE_SIGN_IDENTITY[sdk=iphoneos*]" = "iPhone Developer";
				COPY_PHASE_STRIP = NO;
				DEBUG_INFORMATION_FORMAT = dwarf;
				ENABLE_STRICT_OBJC_MSGSEND = YES;
				ENABLE_TESTABILITY = YES;
				GCC_C_LANGUAGE_STANDARD = gnu99;
				GCC_DYNAMIC_NO_PIC = NO;
				GCC_NO_COMMON_BLOCKS = YES;
				GCC_OPTIMIZATION_LEVEL = 0;
				GCC_PREPROCESSOR_DEFINITIONS = (
					"DEBUG=1",
					"$(inherited)",
				);
				GCC_WARN_64_TO_32_BIT_CONVERSION = YES;
				GCC_WARN_ABOUT_RETURN_TYPE = YES_ERROR;
				GCC_WARN_UNDECLARED_SELECTOR = YES;
				GCC_WARN_UNINITIALIZED_AUTOS = YES_AGGRESSIVE;
				GCC_WARN_UNUSED_FUNCTION = YES;
				GCC_WARN_UNUSED_VARIABLE = YES;
				IPHONEOS_DEPLOYMENT_TARGET = 9.2;
				MTL_ENABLE_DEBUG_INFO = YES;
				ONLY_ACTIVE_ARCH = YES;
				SDKROOT = iphoneos;
				TARGETED_DEVICE_FAMILY = "1,2";
			};
			name = Debug;
		};
		70B57EBE1CDCCE0E00D0C784 /* Release */ = {
			isa = XCBuildConfiguration;
			buildSettings = {
				ALWAYS_SEARCH_USER_PATHS = NO;
				CLANG_CXX_LANGUAGE_STANDARD = "gnu++0x";
				CLANG_CXX_LIBRARY = "libc++";
				CLANG_ENABLE_MODULES = YES;
				CLANG_ENABLE_OBJC_ARC = YES;
				CLANG_WARN_BOOL_CONVERSION = YES;
				CLANG_WARN_CONSTANT_CONVERSION = YES;
				CLANG_WARN_DIRECT_OBJC_ISA_USAGE = YES_ERROR;
				CLANG_WARN_EMPTY_BODY = YES;
				CLANG_WARN_ENUM_CONVERSION = YES;
				CLANG_WARN_INT_CONVERSION = YES;
				CLANG_WARN_OBJC_ROOT_CLASS = YES_ERROR;
				CLANG_WARN_UNREACHABLE_CODE = YES;
				CLANG_WARN__DUPLICATE_METHOD_MATCH = YES;
				"CODE_SIGN_IDENTITY[sdk=iphoneos*]" = "iPhone Developer";
				COPY_PHASE_STRIP = NO;
				DEBUG_INFORMATION_FORMAT = "dwarf-with-dsym";
				ENABLE_NS_ASSERTIONS = NO;
				ENABLE_STRICT_OBJC_MSGSEND = YES;
				GCC_C_LANGUAGE_STANDARD = gnu99;
				GCC_NO_COMMON_BLOCKS = YES;
				GCC_WARN_64_TO_32_BIT_CONVERSION = YES;
				GCC_WARN_ABOUT_RETURN_TYPE = YES_ERROR;
				GCC_WARN_UNDECLARED_SELECTOR = YES;
				GCC_WARN_UNINITIALIZED_AUTOS = YES_AGGRESSIVE;
				GCC_WARN_UNUSED_FUNCTION = YES;
				GCC_WARN_UNUSED_VARIABLE = YES;
				IPHONEOS_DEPLOYMENT_TARGET = 9.2;
				MTL_ENABLE_DEBUG_INFO = NO;
				SDKROOT = iphoneos;
				TARGETED_DEVICE_FAMILY = "1,2";
				VALIDATE_PRODUCT = YES;
			};
			name = Release;
		};
		70B57EC01CDCCE0E00D0C784 /* Debug */ = {
			isa = XCBuildConfiguration;
			baseConfigurationReference = D0C488A3961A9EEBF3CAF580 /* Pods.debug.xcconfig */;
			buildSettings = {
				ASSETCATALOG_COMPILER_APPICON_NAME = AppIcon;
				CODE_SIGN_IDENTITY = "iPhone Developer";
				INFOPLIST_FILE = weather/Info.plist;
				LD_RUNPATH_SEARCH_PATHS = "$(inherited) @executable_path/Frameworks";
				PRODUCT_BUNDLE_IDENTIFIER = com.marianolatorre.weather;
				PRODUCT_NAME = "$(TARGET_NAME)";
				TARGETED_DEVICE_FAMILY = 1;
			};
			name = Debug;
		};
		70B57EC11CDCCE0E00D0C784 /* Release */ = {
			isa = XCBuildConfiguration;
			baseConfigurationReference = FFEBEC962E628733B57FC8D9 /* Pods.release.xcconfig */;
			buildSettings = {
				ASSETCATALOG_COMPILER_APPICON_NAME = AppIcon;
				CODE_SIGN_IDENTITY = "iPhone Developer";
				INFOPLIST_FILE = weather/Info.plist;
				LD_RUNPATH_SEARCH_PATHS = "$(inherited) @executable_path/Frameworks";
				PRODUCT_BUNDLE_IDENTIFIER = com.marianolatorre.weather;
				PRODUCT_NAME = "$(TARGET_NAME)";
				TARGETED_DEVICE_FAMILY = 1;
			};
			name = Release;
		};
		70B57EC31CDCCE0E00D0C784 /* Debug */ = {
			isa = XCBuildConfiguration;
			buildSettings = {
				BUNDLE_LOADER = "$(TEST_HOST)";
				INFOPLIST_FILE = weatherTests/Info.plist;
				LD_RUNPATH_SEARCH_PATHS = "$(inherited) @executable_path/Frameworks @loader_path/Frameworks";
				PRODUCT_BUNDLE_IDENTIFIER = com.ig.weather.weatherTests;
				PRODUCT_NAME = "$(TARGET_NAME)";
				TEST_HOST = "$(BUILT_PRODUCTS_DIR)/weather.app/weather";
			};
			name = Debug;
		};
		70B57EC41CDCCE0E00D0C784 /* Release */ = {
			isa = XCBuildConfiguration;
			buildSettings = {
				BUNDLE_LOADER = "$(TEST_HOST)";
				INFOPLIST_FILE = weatherTests/Info.plist;
				LD_RUNPATH_SEARCH_PATHS = "$(inherited) @executable_path/Frameworks @loader_path/Frameworks";
				PRODUCT_BUNDLE_IDENTIFIER = com.ig.weather.weatherTests;
				PRODUCT_NAME = "$(TARGET_NAME)";
				TEST_HOST = "$(BUILT_PRODUCTS_DIR)/weather.app/weather";
			};
			name = Release;
		};
/* End XCBuildConfiguration section */

/* Begin XCConfigurationList section */
		70B57E981CDCCE0E00D0C784 /* Build configuration list for PBXProject "weather" */ = {
			isa = XCConfigurationList;
			buildConfigurations = (
				70B57EBD1CDCCE0E00D0C784 /* Debug */,
				70B57EBE1CDCCE0E00D0C784 /* Release */,
			);
			defaultConfigurationIsVisible = 0;
			defaultConfigurationName = Release;
		};
		70B57EBF1CDCCE0E00D0C784 /* Build configuration list for PBXNativeTarget "weather" */ = {
			isa = XCConfigurationList;
			buildConfigurations = (
				70B57EC01CDCCE0E00D0C784 /* Debug */,
				70B57EC11CDCCE0E00D0C784 /* Release */,
			);
			defaultConfigurationIsVisible = 0;
			defaultConfigurationName = Release;
		};
		70B57EC21CDCCE0E00D0C784 /* Build configuration list for PBXNativeTarget "weatherTests" */ = {
			isa = XCConfigurationList;
			buildConfigurations = (
				70B57EC31CDCCE0E00D0C784 /* Debug */,
				70B57EC41CDCCE0E00D0C784 /* Release */,
			);
			defaultConfigurationIsVisible = 0;
			defaultConfigurationName = Release;
		};
/* End XCConfigurationList section */
	};
	rootObject = 70B57E951CDCCE0E00D0C784 /* Project object */;
}
